// !$*UTF8*$!
{
	archiveVersion = 1;
	classes = {
	};
	objectVersion = 46;
	objects = {

/* Begin PBXBuildFile section */
		1C5AA47E1A46A69C00767561 /* main.m in Sources */ = {isa = PBXBuildFile; fileRef = 1C5AA47D1A46A69C00767561 /* main.m */; };
		1C5AA4811A46A69C00767561 /* AppDelegate.m in Sources */ = {isa = PBXBuildFile; fileRef = 1C5AA4801A46A69C00767561 /* AppDelegate.m */; };
		1C5AA4841A46A69C00767561 /* ViewController.m in Sources */ = {isa = PBXBuildFile; fileRef = 1C5AA4831A46A69C00767561 /* ViewController.m */; };
		1C5AA4871A46A69C00767561 /* Main.storyboard in Resources */ = {isa = PBXBuildFile; fileRef = 1C5AA4851A46A69C00767561 /* Main.storyboard */; };
		1C5AA4891A46A69C00767561 /* Images.xcassets in Resources */ = {isa = PBXBuildFile; fileRef = 1C5AA4881A46A69C00767561 /* Images.xcassets */; };
		1C5AA48C1A46A69C00767561 /* LaunchScreen.xib in Resources */ = {isa = PBXBuildFile; fileRef = 1C5AA48A1A46A69C00767561 /* LaunchScreen.xib */; };
		1C5AA4981A46A69C00767561 /* HelloWorldAppTests.m in Sources */ = {isa = PBXBuildFile; fileRef = 1C5AA4971A46A69C00767561 /* HelloWorldAppTests.m */; };
		1C5AA4A21A46AC5900767561 /* Speaker.m in Sources */ = {isa = PBXBuildFile; fileRef = 1C5AA4A11A46AC5900767561 /* Speaker.m */; };
/* End PBXBuildFile section */

/* Begin PBXContainerItemProxy section */
		1C5AA4921A46A69C00767561 /* PBXContainerItemProxy */ = {
			isa = PBXContainerItemProxy;
			containerPortal = 1C5AA4701A46A69C00767561 /* Project object */;
			proxyType = 1;
			remoteGlobalIDString = 1C5AA4771A46A69C00767561;
			remoteInfo = HelloWorldApp;
		};
/* End PBXContainerItemProxy section */

/* Begin PBXFileReference section */
		1C5AA4781A46A69C00767561 /* HelloWorldApp.app */ = {isa = PBXFileReference; explicitFileType = wrapper.application; includeInIndex = 0; path = HelloWorldApp.app; sourceTree = BUILT_PRODUCTS_DIR; };
		1C5AA47C1A46A69C00767561 /* Info.plist */ = {isa = PBXFileReference; lastKnownFileType = text.plist.xml; path = Info.plist; sourceTree = "<group>"; };
		1C5AA47D1A46A69C00767561 /* main.m */ = {isa = PBXFileReference; lastKnownFileType = sourcecode.c.objc; path = main.m; sourceTree = "<group>"; };
		1C5AA47F1A46A69C00767561 /* AppDelegate.h */ = {isa = PBXFileReference; lastKnownFileType = sourcecode.c.h; path = AppDelegate.h; sourceTree = "<group>"; };
		1C5AA4801A46A69C00767561 /* AppDelegate.m */ = {isa = PBXFileReference; lastKnownFileType = sourcecode.c.objc; path = AppDelegate.m; sourceTree = "<group>"; };
		1C5AA4821A46A69C00767561 /* ViewController.h */ = {isa = PBXFileReference; lastKnownFileType = sourcecode.c.h; path = ViewController.h; sourceTree = "<group>"; };
		1C5AA4831A46A69C00767561 /* ViewController.m */ = {isa = PBXFileReference; lastKnownFileType = sourcecode.c.objc; path = ViewController.m; sourceTree = "<group>"; };
		1C5AA4861A46A69C00767561 /* Base */ = {isa = PBXFileReference; lastKnownFileType = file.storyboard; name = Base; path = Base.lproj/Main.storyboard; sourceTree = "<group>"; };
		1C5AA4881A46A69C00767561 /* Images.xcassets */ = {isa = PBXFileReference; lastKnownFileType = folder.assetcatalog; path = Images.xcassets; sourceTree = "<group>"; };
		1C5AA48B1A46A69C00767561 /* Base */ = {isa = PBXFileReference; lastKnownFileType = file.xib; name = Base; path = Base.lproj/LaunchScreen.xib; sourceTree = "<group>"; };
		1C5AA4911A46A69C00767561 /* HelloWorldAppTests.xctest */ = {isa = PBXFileReference; explicitFileType = wrapper.cfbundle; includeInIndex = 0; path = HelloWorldAppTests.xctest; sourceTree = BUILT_PRODUCTS_DIR; };
		1C5AA4961A46A69C00767561 /* Info.plist */ = {isa = PBXFileReference; lastKnownFileType = text.plist.xml; path = Info.plist; sourceTree = "<group>"; };
		1C5AA4971A46A69C00767561 /* HelloWorldAppTests.m */ = {isa = PBXFileReference; lastKnownFileType = sourcecode.c.objc; path = HelloWorldAppTests.m; sourceTree = "<group>"; };
		1C5AA4A11A46AC5900767561 /* Speaker.m */ = {isa = PBXFileReference; fileEncoding = 4; lastKnownFileType = sourcecode.c.objc; path = Speaker.m; sourceTree = "<group>"; };
/* End PBXFileReference section */

/* Begin PBXFrameworksBuildPhase section */
		1C5AA4751A46A69C00767561 /* Frameworks */ = {
			isa = PBXFrameworksBuildPhase;
			buildActionMask = 2147483647;
			files = (
			);
			runOnlyForDeploymentPostprocessing = 0;
		};
		1C5AA48E1A46A69C00767561 /* Frameworks */ = {
			isa = PBXFrameworksBuildPhase;
			buildActionMask = 2147483647;
			files = (
			);
			runOnlyForDeploymentPostprocessing = 0;
		};
/* End PBXFrameworksBuildPhase section */

/* Begin PBXGroup section */
		1C5AA46F1A46A69C00767561 = {
			isa = PBXGroup;
			children = (
				1C5AA47A1A46A69C00767561 /* HelloWorldApp */,
				1C5AA4941A46A69C00767561 /* HelloWorldAppTests */,
				1C5AA4791A46A69C00767561 /* Products */,
			);
			sourceTree = "<group>";
		};
		1C5AA4791A46A69C00767561 /* Products */ = {
			isa = PBXGroup;
			children = (
				1C5AA4781A46A69C00767561 /* HelloWorldApp.app */,
				1C5AA4911A46A69C00767561 /* HelloWorldAppTests.xctest */,
			);
			name = Products;
			sourceTree = "<group>";
		};
		1C5AA47A1A46A69C00767561 /* HelloWorldApp */ = {
			isa = PBXGroup;
			children = (
				1C5AA4A11A46AC5900767561 /* Speaker.m */,
				1C5AA47F1A46A69C00767561 /* AppDelegate.h */,
				1C5AA4801A46A69C00767561 /* AppDelegate.m */,
				1C5AA4821A46A69C00767561 /* ViewController.h */,
				1C5AA4831A46A69C00767561 /* ViewController.m */,
				1C5AA4851A46A69C00767561 /* Main.storyboard */,
				1C5AA4881A46A69C00767561 /* Images.xcassets */,
				1C5AA48A1A46A69C00767561 /* LaunchScreen.xib */,
				1C5AA47B1A46A69C00767561 /* Supporting Files */,
			);
			path = HelloWorldApp;
			sourceTree = "<group>";
		};
		1C5AA47B1A46A69C00767561 /* Supporting Files */ = {
			isa = PBXGroup;
			children = (
				1C5AA47C1A46A69C00767561 /* Info.plist */,
				1C5AA47D1A46A69C00767561 /* main.m */,
			);
			name = "Supporting Files";
			sourceTree = "<group>";
		};
		1C5AA4941A46A69C00767561 /* HelloWorldAppTests */ = {
			isa = PBXGroup;
			children = (
				1C5AA4971A46A69C00767561 /* HelloWorldAppTests.m */,
				1C5AA4951A46A69C00767561 /* Supporting Files */,
			);
			path = HelloWorldAppTests;
			sourceTree = "<group>";
		};
		1C5AA4951A46A69C00767561 /* Supporting Files */ = {
			isa = PBXGroup;
			children = (
				1C5AA4961A46A69C00767561 /* Info.plist */,
			);
			name = "Supporting Files";
			sourceTree = "<group>";
		};
/* End PBXGroup section */

/* Begin PBXNativeTarget section */
		1C5AA4771A46A69C00767561 /* HelloWorldApp */ = {
			isa = PBXNativeTarget;
			buildConfigurationList = 1C5AA49B1A46A69C00767561 /* Build configuration list for PBXNativeTarget "HelloWorldApp" */;
			buildPhases = (
				1C5AA4741A46A69C00767561 /* Sources */,
				1C5AA4751A46A69C00767561 /* Frameworks */,
				1C5AA4761A46A69C00767561 /* Resources */,
			);
			buildRules = (
			);
			dependencies = (
			);
			name = HelloWorldApp;
			productName = HelloWorldApp;
			productReference = 1C5AA4781A46A69C00767561 /* HelloWorldApp.app */;
			productType = "com.apple.product-type.application";
		};
		1C5AA4901A46A69C00767561 /* HelloWorldAppTests */ = {
			isa = PBXNativeTarget;
			buildConfigurationList = 1C5AA49E1A46A69C00767561 /* Build configuration list for PBXNativeTarget "HelloWorldAppTests" */;
			buildPhases = (
				1C5AA48D1A46A69C00767561 /* Sources */,
				1C5AA48E1A46A69C00767561 /* Frameworks */,
				1C5AA48F1A46A69C00767561 /* Resources */,
			);
			buildRules = (
			);
			dependencies = (
				1C5AA4931A46A69C00767561 /* PBXTargetDependency */,
			);
			name = HelloWorldAppTests;
			productName = HelloWorldAppTests;
			productReference = 1C5AA4911A46A69C00767561 /* HelloWorldAppTests.xctest */;
			productType = "com.apple.product-type.bundle.unit-test";
		};
/* End PBXNativeTarget section */

/* Begin PBXProject section */
		1C5AA4701A46A69C00767561 /* Project object */ = {
			isa = PBXProject;
			attributes = {
				LastUpgradeCheck = 0610;
				ORGANIZATIONNAME = haotwo;
				TargetAttributes = {
					1C5AA4771A46A69C00767561 = {
						CreatedOnToolsVersion = 6.1.1;
					};
					1C5AA4901A46A69C00767561 = {
						CreatedOnToolsVersion = 6.1.1;
						TestTargetID = 1C5AA4771A46A69C00767561;
					};
				};
			};
			buildConfigurationList = 1C5AA4731A46A69C00767561 /* Build configuration list for PBXProject "HelloWorldApp" */;
			compatibilityVersion = "Xcode 3.2";
			developmentRegion = English;
			hasScannedForEncodings = 0;
			knownRegions = (
				en,
				Base,
			);
			mainGroup = 1C5AA46F1A46A69C00767561;
			productRefGroup = 1C5AA4791A46A69C00767561 /* Products */;
			projectDirPath = "";
			projectRoot = "";
			targets = (
				1C5AA4771A46A69C00767561 /* HelloWorldApp */,
				1C5AA4901A46A69C00767561 /* HelloWorldAppTests */,
			);
		};
/* End PBXProject section */

/* Begin PBXResourcesBuildPhase section */
		1C5AA4761A46A69C00767561 /* Resources */ = {
			isa = PBXResourcesBuildPhase;
			buildActionMask = 2147483647;
			files = (
				1C5AA4871A46A69C00767561 /* Main.storyboard in Resources */,
				1C5AA48C1A46A69C00767561 /* LaunchScreen.xib in Resources */,
				1C5AA4891A46A69C00767561 /* Images.xcassets in Resources */,
			);
			runOnlyForDeploymentPostprocessing = 0;
		};
		1C5AA48F1A46A69C00767561 /* Resources */ = {
			isa = PBXResourcesBuildPhase;
			buildActionMask = 2147483647;
			files = (
			);
			runOnlyForDeploymentPostprocessing = 0;
		};
/* End PBXResourcesBuildPhase section */

/* Begin PBXSourcesBuildPhase section */
		1C5AA4741A46A69C00767561 /* Sources */ = {
			isa = PBXSourcesBuildPhase;
			buildActionMask = 2147483647;
			files = (
				1C5AA4841A46A69C00767561 /* ViewController.m in Sources */,
				1C5AA4811A46A69C00767561 /* AppDelegate.m in Sources */,
				1C5AA47E1A46A69C00767561 /* main.m in Sources */,
				1C5AA4A21A46AC5900767561 /* Speaker.m in Sources */,
			);
			runOnlyForDeploymentPostprocessing = 0;
		};
		1C5AA48D1A46A69C00767561 /* Sources */ = {
			isa = PBXSourcesBuildPhase;
			buildActionMask = 2147483647;
			files = (
				1C5AA4981A46A69C00767561 /* HelloWorldAppTests.m in Sources */,
			);
			runOnlyForDeploymentPostprocessing = 0;
		};
/* End PBXSourcesBuildPhase section */

/* Begin PBXTargetDependency section */
		1C5AA4931A46A69C00767561 /* PBXTargetDependency */ = {
			isa = PBXTargetDependency;
			target = 1C5AA4771A46A69C00767561 /* HelloWorldApp */;
			targetProxy = 1C5AA4921A46A69C00767561 /* PBXContainerItemProxy */;
		};
/* End PBXTargetDependency section */

/* Begin PBXVariantGroup section */
		1C5AA4851A46A69C00767561 /* Main.storyboard */ = {
			isa = PBXVariantGroup;
			children = (
				1C5AA4861A46A69C00767561 /* Base */,
			);
			name = Main.storyboard;
			sourceTree = "<group>";
		};
		1C5AA48A1A46A69C00767561 /* LaunchScreen.xib */ = {
			isa = PBXVariantGroup;
			children = (
				1C5AA48B1A46A69C00767561 /* Base */,
			);
			name = LaunchScreen.xib;
			sourceTree = "<group>";
		};
/* End PBXVariantGroup section */

/* Begin XCBuildConfiguration section */
		1C5AA4991A46A69C00767561 /* Debug */ = {
			isa = XCBuildConfiguration;
			buildSettings = {
				ALWAYS_SEARCH_USER_PATHS = NO;
				CLANG_CXX_LANGUAGE_STANDARD = "gnu++0x";
				CLANG_CXX_LIBRARY = "libc++";
				CLANG_ENABLE_MODULES = YES;
				CLANG_ENABLE_OBJC_ARC = YES;
				CLANG_WARN_BOOL_CONVERSION = YES;
				CLANG_WARN_CONSTANT_CONVERSION = YES;
				CLANG_WARN_DIRECT_OBJC_ISA_USAGE = YES_ERROR;
				CLANG_WARN_EMPTY_BODY = YES;
				CLANG_WARN_ENUM_CONVERSION = YES;
				CLANG_WARN_INT_CONVERSION = YES;
				CLANG_WARN_OBJC_ROOT_CLASS = YES_ERROR;
				CLANG_WARN_UNREACHABLE_CODE = YES;
				CLANG_WARN__DUPLICATE_METHOD_MATCH = YES;
				"CODE_SIGN_IDENTITY[sdk=iphoneos*]" = "iPhone Developer";
				COPY_PHASE_STRIP = NO;
				ENABLE_STRICT_OBJC_MSGSEND = YES;
				GCC_C_LANGUAGE_STANDARD = gnu99;
				GCC_DYNAMIC_NO_PIC = NO;
				GCC_OPTIMIZATION_LEVEL = 0;
				GCC_PREPROCESSOR_DEFINITIONS = (
					"DEBUG=1",
					"$(inherited)",
				);
				GCC_SYMBOLS_PRIVATE_EXTERN = NO;
				GCC_WARN_64_TO_32_BIT_CONVERSION = YES;
				GCC_WARN_ABOUT_RETURN_TYPE = YES_ERROR;
				GCC_WARN_UNDECLARED_SELECTOR = YES;
				GCC_WARN_UNINITIALIZED_AUTOS = YES_AGGRESSIVE;
				GCC_WARN_UNUSED_FUNCTION = YES;
				GCC_WARN_UNUSED_VARIABLE = YES;
				IPHONEOS_DEPLOYMENT_TARGET = 8.1;
				MTL_ENABLE_DEBUG_INFO = YES;
				ONLY_ACTIVE_ARCH = YES;
				SDKROOT = iphoneos;
			};
			name = Debug;
		};
		1C5AA49A1A46A69C00767561 /* Release */ = {
			isa = XCBuildConfiguration;
			buildSettings = {
				ALWAYS_SEARCH_USER_PATHS = NO;
				CLANG_CXX_LANGUAGE_STANDARD = "gnu++0x";
				CLANG_CXX_LIBRARY = "libc++";
				CLANG_ENABLE_MODULES = YES;
				CLANG_ENABLE_OBJC_ARC = YES;
				CLANG_WARN_BOOL_CONVERSION = YES;
				CLANG_WARN_CONSTANT_CONVERSION = YES;
				CLANG_WARN_DIRECT_OBJC_ISA_USAGE = YES_ERROR;
				CLANG_WARN_EMPTY_BODY = YES;
				CLANG_WARN_ENUM_CONVERSION = YES;
				CLANG_WARN_INT_CONVERSION = YES;
				CLANG_WARN_OBJC_ROOT_CLASS = YES_ERROR;
				CLANG_WARN_UNREACHABLE_CODE = YES;
				CLANG_WARN__DUPLICATE_METHOD_MATCH = YES;
				"CODE_SIGN_IDENTITY[sdk=iphoneos*]" = "iPhone Developer";
				COPY_PHASE_STRIP = YES;
				ENABLE_NS_ASSERTIONS = NO;
				ENABLE_STRICT_OBJC_MSGSEND = YES;
				GCC_C_LANGUAGE_STANDARD = gnu99;
				GCC_WARN_64_TO_32_BIT_CONVERSION = YES;
				GCC_WARN_ABOUT_RETURN_TYPE = YES_ERROR;
				GCC_WARN_UNDECLARED_SELECTOR = YES;
				GCC_WARN_UNINITIALIZED_AUTOS = YES_AGGRESSIVE;
				GCC_WARN_UNUSED_FUNCTION = YES;
				GCC_WARN_UNUSED_VARIABLE = YES;
				IPHONEOS_DEPLOYMENT_TARGET = 8.1;
				MTL_ENABLE_DEBUG_INFO = NO;
				SDKROOT = iphoneos;
				VALIDATE_PRODUCT = YES;
			};
			name = Release;
		};
		1C5AA49C1A46A69C00767561 /* Debug */ = {
			isa = XCBuildConfiguration;
			buildSettings = {
				ASSETCATALOG_COMPILER_APPICON_NAME = AppIcon;
				INFOPLIST_FILE = HelloWorldApp/Info.plist;
				LD_RUNPATH_SEARCH_PATHS = "$(inherited) @executable_path/Frameworks";
				PRODUCT_NAME = "$(TARGET_NAME)";
			};
			name = Debug;
		};
		1C5AA49D1A46A69C00767561 /* Release */ = {
			isa = XCBuildConfiguration;
			buildSettings = {
				ASSETCATALOG_COMPILER_APPICON_NAME = AppIcon;
				INFOPLIST_FILE = HelloWorldApp/Info.plist;
				LD_RUNPATH_SEARCH_PATHS = "$(inherited) @executable_path/Frameworks";
				PRODUCT_NAME = "$(TARGET_NAME)";
			};
			name = Release;
		};
		1C5AA49F1A46A69C00767561 /* Debug */ = {
			isa = XCBuildConfiguration;
			buildSettings = {
				BUNDLE_LOADER = "$(TEST_HOST)";
				FRAMEWORK_SEARCH_PATHS = (
					"$(SDKROOT)/Developer/Library/Frameworks",
					"$(inherited)",
				);
				GCC_PREPROCESSOR_DEFINITIONS = (
					"DEBUG=1",
					"$(inherited)",
				);
				INFOPLIST_FILE = HelloWorldAppTests/Info.plist;
				LD_RUNPATH_SEARCH_PATHS = "$(inherited) @executable_path/Frameworks @loader_path/Frameworks";
				PRODUCT_NAME = "$(TARGET_NAME)";
				TEST_HOST = "$(BUILT_PRODUCTS_DIR)/HelloWorldApp.app/HelloWorldApp";
			};
			name = Debug;
		};
		1C5AA4A01A46A69C00767561 /* Release */ = {
			isa = XCBuildConfiguration;
			buildSettings = {
				BUNDLE_LOADER = "$(TEST_HOST)";
				FRAMEWORK_SEARCH_PATHS = (
					"$(SDKROOT)/Developer/Library/Frameworks",
					"$(inherited)",
				);
				INFOPLIST_FILE = HelloWorldAppTests/Info.plist;
				LD_RUNPATH_SEARCH_PATHS = "$(inherited) @executable_path/Frameworks @loader_path/Frameworks";
				PRODUCT_NAME = "$(TARGET_NAME)";
				TEST_HOST = "$(BUILT_PRODUCTS_DIR)/HelloWorldApp.app/HelloWorldApp";
			};
			name = Release;
		};
/* End XCBuildConfiguration section */

/* Begin XCConfigurationList section */
		1C5AA4731A46A69C00767561 /* Build configuration list for PBXProject "HelloWorldApp" */ = {
			isa = XCConfigurationList;
			buildConfigurations = (
				1C5AA4991A46A69C00767561 /* Debug */,
				1C5AA49A1A46A69C00767561 /* Release */,
			);
			defaultConfigurationIsVisible = 0;
			defaultConfigurationName = Release;
		};
		1C5AA49B1A46A69C00767561 /* Build configuration list for PBXNativeTarget "HelloWorldApp" */ = {
			isa = XCConfigurationList;
			buildConfigurations = (
				1C5AA49C1A46A69C00767561 /* Debug */,
				1C5AA49D1A46A69C00767561 /* Release */,
			);
			defaultConfigurationIsVisible = 0;
			defaultConfigurationName = Release;
		};
		1C5AA49E1A46A69C00767561 /* Build configuration list for PBXNativeTarget "HelloWorldAppTests" */ = {
			isa = XCConfigurationList;
			buildConfigurations = (
				1C5AA49F1A46A69C00767561 /* Debug */,
				1C5AA4A01A46A69C00767561 /* Release */,
			);
			defaultConfigurationIsVisible = 0;
			defaultConfigurationName = Release;
		};
/* End XCConfigurationList section */
	};
	rootObject = 1C5AA4701A46A69C00767561 /* Project object */;
}
